
Microsoft Visual Studio Solution File, Format Version 12.00
# Visual Studio Version 17
VisualStudioVersion = 17.14.36221.1
MinimumVisualStudioVersion = 10.0.40219.1
Project("{FAE04EC0-301F-11D3-BF4B-00C04F79EFBC}") = "Session03OOP", "Session03OOP\Session03OOP.csproj", "{80FA55D2-95EC-4159-B391-40395D9EF9F2}"
EndProject
Project("{FAE04EC0-301F-11D3-BF4B-00C04F79EFBC}") = "Assignment", "Assignment\Assignment.csproj", "{127F3902-219E-4988-B554-CCBEFBDB3DAF}"
EndProject
Global
	GlobalSection(SolutionConfigurationPlatforms) = preSolution
		Debug|Any CPU = Debug|Any CPU
		Release|Any CPU = Release|Any CPU
	EndGlobalSection
	GlobalSection(ProjectConfigurationPlatforms) = postSolution
		{80FA55D2-95EC-4159-B391-40395D9EF9F2}.Debug|Any CPU.ActiveCfg = Debug|Any CPU
		{80FA55D2-95EC-4159-B391-40395D9EF9F2}.Debug|Any CPU.Build.0 = Debug|Any CPU
		{80FA55D2-95EC-4159-B391-40395D9EF9F2}.Release|Any CPU.ActiveCfg = Release|Any CPU
		{80FA55D2-95EC-4159-B391-40395D9EF9F2}.Release|Any CPU.Build.0 = Release|Any CPU
		{127F3902-219E-4988-B554-CCBEFBDB3DAF}.Debug|Any CPU.ActiveCfg = Debug|Any CPU
		{127F3902-219E-4988-B554-CCBEFBDB3DAF}.Debug|Any CPU.Build.0 = Debug|Any CPU
		{127F3902-219E-4988-B554-CCBEFBDB3DAF}.Release|Any CPU.ActiveCfg = Release|Any CPU
		{127F3902-219E-4988-B554-CCBEFBDB3DAF}.Release|Any CPU.Build.0 = Release|Any CPU
	EndGlobalSection
	GlobalSection(SolutionProperties) = preSolution
		HideSolutionNode = FALSE
	EndGlobalSection
	GlobalSection(ExtensibilityGlobals) = postSolution
		SolutionGuid = {2D6F3A5B-A0A2-4C8D-A98E-62CD30DF3610}
	EndGlobalSection
EndGlobal
